
Microsoft Visual Studio Solution File, Format Version 12.00
# Visual Studio Version 17
VisualStudioVersion = 17.8.34511.84
MinimumVisualStudioVersion = 10.0.40219.1
Project("{9A19103F-16F7-4668-BE54-9A1E7A4F7556}") = "FitnessTracker", "FitnessTracker\FitnessTracker.csproj", "{96E0C571-2E80-4F33-945D-28901CE62815}"
EndProject
Project("{FAE04EC0-301F-11D3-BF4B-00C04F79EFBC}") = "FitnessTrackerTests", "FitnessTrackerTests\FitnessTrackerTests.csproj", "{43809764-BE20-433A-805C-3B57E250AF01}"
EndProject
Global
	GlobalSection(SolutionConfigurationPlatforms) = preSolution
		Debug|Any CPU = Debug|Any CPU
		Release|Any CPU = Release|Any CPU
	EndGlobalSection
	GlobalSection(ProjectConfigurationPlatforms) = postSolution
		{96E0C571-2E80-4F33-945D-28901CE62815}.Debug|Any CPU.ActiveCfg = Debug|Any CPU
		{96E0C571-2E80-4F33-945D-28901CE62815}.Debug|Any CPU.Build.0 = Debug|Any CPU
		{96E0C571-2E80-4F33-945D-28901CE62815}.Release|Any CPU.ActiveCfg = Release|Any CPU
		{96E0C571-2E80-4F33-945D-28901CE62815}.Release|Any CPU.Build.0 = Release|Any CPU
		{43809764-BE20-433A-805C-3B57E250AF01}.Debug|Any CPU.ActiveCfg = Debug|Any CPU
		{43809764-BE20-433A-805C-3B57E250AF01}.Debug|Any CPU.Build.0 = Debug|Any CPU
		{43809764-BE20-433A-805C-3B57E250AF01}.Release|Any CPU.ActiveCfg = Release|Any CPU
		{43809764-BE20-433A-805C-3B57E250AF01}.Release|Any CPU.Build.0 = Release|Any CPU
	EndGlobalSection
	GlobalSection(SolutionProperties) = preSolution
		HideSolutionNode = FALSE
	EndGlobalSection
	GlobalSection(ExtensibilityGlobals) = postSolution
		SolutionGuid = {48EC5B09-8553-4D08-9AE9-AB0AA353C5C5}
	EndGlobalSection
EndGlobal
